
Microsoft Visual Studio Solution File, Format Version 12.00
# Visual Studio Version 16
VisualStudioVersion = 16.0.30225.117
MinimumVisualStudioVersion = 10.0.40219.1
Project("{FAE04EC0-301F-11D3-BF4B-00C04F79EFBC}") = "ConsoleApp", "ConsoleApp\ConsoleApp.csproj", "{9B191367-0059-4EFB-B908-FED336CB6D40}"
EndProject
Global
	GlobalSection(SolutionConfigurationPlatforms) = preSolution
		Debug|Any CPU = Debug|Any CPU
		Release|Any CPU = Release|Any CPU
	EndGlobalSection
	GlobalSection(ProjectConfigurationPlatforms) = postSolution
		{9B191367-0059-4EFB-B908-FED336CB6D40}.Debug|Any CPU.ActiveCfg = Debug|Any CPU
		{9B191367-0059-4EFB-B908-FED336CB6D40}.Debug|Any CPU.Build.0 = Debug|Any CPU
		{9B191367-0059-4EFB-B908-FED336CB6D40}.Release|Any CPU.ActiveCfg = Release|Any CPU
		{9B191367-0059-4EFB-B908-FED336CB6D40}.Release|Any CPU.Build.0 = Release|Any CPU
	EndGlobalSection
	GlobalSection(SolutionProperties) = preSolution
		HideSolutionNode = FALSE
	EndGlobalSection
	GlobalSection(ExtensibilityGlobals) = postSolution
		SolutionGuid = {3BDB42FE-3620-4737-B6D4-9990CC7280FD}
	EndGlobalSection
EndGlobal
